<?xml version="1.0" encoding="utf-8"?>
<Project ToolsVersion="4.0" xmlns="http://schemas.microsoft.com/developer/msbuild/2003">
  <ItemGroup>
    <Filter Include="Tests">
      <UniqueIdentifier>{93995380-89BD-4b04-88EB-625FBE52EBFB}</UniqueIdentifier>
      <Extensions>h;hh;hpp;hxx;h++;hm;inl;inc;ipp;xsd</Extensions>
    </Filter>
    <Filter Include="Main">
      <UniqueIdentifier>{4FC737F1-C7A5-4376-A066-2A32D752A2FF}</UniqueIdentifier>
      <Extensions>cpp;c;cc;cxx;c++;cppm;ixx;def;odl;idl;hpj;bat;asm;asmx</Extensions>
    </Filter>
    <Filter Include="Game Code">
      <UniqueIdentifier>{6cca1151-2f4f-4ced-a282-6594950ead62}</UniqueIdentifier>
    </Filter>
  </ItemGroup>
  <ItemGroup>
    <ClInclude Include="TestWin32.h">
      <Filter>Tests</Filter>
    </ClInclude>
    <ClInclude Include="TestCanvas.h">
      <Filter>Tests</Filter>
    </ClInclude>
    <ClInclude Include="TestEngine.h">
      <Filter>Tests</Filter>
    </ClInclude>
    <ClInclude Include="TestSprite.h">
      <Filter>Tests</Filter>
    </ClInclude>
    <ClInclude Include="TestAnimation.h">
      <Filter>Tests</Filter>
    </ClInclude>
    <ClInclude Include="TestTile.h">
      <Filter>Tests</Filter>
    </ClInclude>
    <ClInclude Include="Actor.h">
      <Filter>Game Code</Filter>
    </ClInclude>
    <ClInclude Include="ActorState.h">
      <Filter>Game Code</Filter>
    </ClInclude>
  </ItemGroup>
  <ItemGroup>
    <ClCompile Include="main.cpp">
      <Filter>Main</Filter>
    </ClCompile>
  </ItemGroup>
</Project>