<?xml version="1.0" encoding="utf-8"?>
<Project ToolsVersion="4.0" xmlns="http://schemas.microsoft.com/developer/msbuild/2003">
  <ItemGroup>
    <Filter Include="Core">
      <UniqueIdentifier>{93995380-89BD-4b04-88EB-625FBE52EBFB}</UniqueIdentifier>
      <Extensions>h;hh;hpp;hxx;h++;hm;inl;inc;ipp;xsd</Extensions>
    </Filter>
    <Filter Include="Graphics">
      <UniqueIdentifier>{67DA6AB6-F800-4c08-8B7A-83BB121AAD01}</UniqueIdentifier>
      <Extensions>rc;ico;cur;bmp;dlg;rc2;rct;bin;rgs;gif;jpg;jpeg;jpe;resx;tiff;tif;png;wav;mfcribbon-ms</Extensions>
    </Filter>
    <Filter Include="Graphics\Core">
      <UniqueIdentifier>{4FC737F1-C7A5-4376-A066-2A32D752A2FF}</UniqueIdentifier>
      <Extensions>cpp;c;cc;cxx;c++;cppm;ixx;def;odl;idl;hpj;bat;asm;asmx</Extensions>
    </Filter>
    <Filter Include="Win32">
      <UniqueIdentifier>{1f631859-1d17-43d0-9e0f-c2618afa732d}</UniqueIdentifier>
    </Filter>
    <Filter Include="Utilities">
      <UniqueIdentifier>{d14473e3-cf62-459a-bc8e-c7507d4290e1}</UniqueIdentifier>
    </Filter>
    <Filter Include="Graphics\Renderer">
      <UniqueIdentifier>{876531bc-6ac7-46f6-9507-0542069bcbd5}</UniqueIdentifier>
    </Filter>
    <Filter Include="Cache">
      <UniqueIdentifier>{3ae92e70-acb5-410c-8a56-e4893f934dbe}</UniqueIdentifier>
    </Filter>
    <Filter Include="Engine">
      <UniqueIdentifier>{83ad4693-0167-43a8-aa53-964693de157d}</UniqueIdentifier>
    </Filter>
    <Filter Include="Timer">
      <UniqueIdentifier>{701c160c-b682-4567-9141-939b84aa5a1d}</UniqueIdentifier>
    </Filter>
    <Filter Include="Graphics\Renderable">
      <UniqueIdentifier>{1e1d02ed-45c6-4c3a-8991-6ce30c04366b}</UniqueIdentifier>
    </Filter>
    <Filter Include="Spatial">
      <UniqueIdentifier>{07462888-1b0d-44e3-b27c-746bd7faec14}</UniqueIdentifier>
    </Filter>
    <Filter Include="Math">
      <UniqueIdentifier>{cbff04dc-c7f1-4d80-8f10-882143703e10}</UniqueIdentifier>
    </Filter>
    <Filter Include="Graphics\Resource">
      <UniqueIdentifier>{bb98ff06-5151-4040-b6c4-030cc1b82640}</UniqueIdentifier>
    </Filter>
    <Filter Include="Graphics\IO">
      <UniqueIdentifier>{e79de898-aa42-44af-a822-87b570cc023c}</UniqueIdentifier>
    </Filter>
    <Filter Include="Components">
      <UniqueIdentifier>{03225cf0-78eb-4aca-bbb1-153ecb66fb4b}</UniqueIdentifier>
    </Filter>
    <Filter Include="Engine\Loader">
      <UniqueIdentifier>{dc32a62e-ffb5-4936-921f-3b8be4358881}</UniqueIdentifier>
    </Filter>
    <Filter Include="Engine\Factory">
      <UniqueIdentifier>{eb0f804a-3374-45c3-8d9a-b53bc3809a0c}</UniqueIdentifier>
    </Filter>
    <Filter Include="Graphics\Animation">
      <UniqueIdentifier>{6579bc9b-87e7-4b86-b568-84a7cf953230}</UniqueIdentifier>
    </Filter>
    <Filter Include="State">
      <UniqueIdentifier>{22332b24-6622-41b9-94f2-263f9af6a728}</UniqueIdentifier>
    </Filter>
  </ItemGroup>
  <ItemGroup>
    <ClInclude Include="Include\Core\Event.h">
      <Filter>Core</Filter>
    </ClInclude>
    <ClInclude Include="Include\Win32\IWindow.h">
      <Filter>Win32</Filter>
    </ClInclude>
    <ClInclude Include="Include\Win32\Window.h">
      <Filter>Win32</Filter>
    </ClInclude>
    <ClInclude Include="Include\Win32\WindowBase.h">
      <Filter>Win32</Filter>
    </ClInclude>
    <ClInclude Include="Include\Graphics\Core\DX11Core.h">
      <Filter>Graphics\Core</Filter>
    </ClInclude>
    <ClInclude Include="Include\Utilities\Logger.h">
      <Filter>Utilities</Filter>
    </ClInclude>
    <ClInclude Include="Include\Core\Singleton.h">
      <Filter>Core</Filter>
    </ClInclude>
    <ClInclude Include="Include\Graphics\Core\Canvas.h">
      <Filter>Graphics\Core</Filter>
    </ClInclude>
    <ClInclude Include="Include\Graphics\Core\DX11CanvasImpl.h">
      <Filter>Graphics\Core</Filter>
    </ClInclude>
    <ClInclude Include="Include\Graphics\Core\ICanvas.h">
      <Filter>Graphics\Core</Filter>
    </ClInclude>
    <ClInclude Include="Include\Graphics\Core\ICanvasImpl.h">
      <Filter>Graphics\Core</Filter>
    </ClInclude>
    <ClInclude Include="Include\Core\Factory.h">
      <Filter>Core</Filter>
    </ClInclude>
    <ClInclude Include="Include\Cache\BindCache.h">
      <Filter>Cache</Filter>
    </ClInclude>
    <ClInclude Include="Include\Cache\Dictionary.h">
      <Filter>Cache</Filter>
    </ClInclude>
    <ClInclude Include="Include\Cache\Registry.h">
      <Filter>Cache</Filter>
    </ClInclude>
    <ClInclude Include="Include\Engine\Factory\CanvasFactory.h">
      <Filter>Engine\Factory</Filter>
    </ClInclude>
    <ClInclude Include="Include\Timer\Pulse.h">
      <Filter>Timer</Filter>
    </ClInclude>
    <ClInclude Include="Include\Timer\StopWatch.h">
      <Filter>Timer</Filter>
    </ClInclude>
    <ClInclude Include="Include\Timer\Timer.h">
      <Filter>Timer</Filter>
    </ClInclude>
    <ClInclude Include="Include\Engine\Engine.h">
      <Filter>Engine</Filter>
    </ClInclude>
    <ClInclude Include="Include\Math\Rect.h">
      <Filter>Math</Filter>
    </ClInclude>
    <ClInclude Include="Include\Math\Vector.h">
      <Filter>Math</Filter>
    </ClInclude>
    <ClInclude Include="Include\Spatial\Camera.h">
      <Filter>Spatial</Filter>
    </ClInclude>
    <ClInclude Include="Include\Spatial\ISizeable.h">
      <Filter>Spatial</Filter>
    </ClInclude>
    <ClInclude Include="Include\Spatial\Motion.h">
      <Filter>Spatial</Filter>
    </ClInclude>
    <ClInclude Include="Include\Spatial\Position.h">
      <Filter>Spatial</Filter>
    </ClInclude>
    <ClInclude Include="Include\Spatial\Size.h">
      <Filter>Spatial</Filter>
    </ClInclude>
    <ClInclude Include="Include\Spatial\Transform.h">
      <Filter>Spatial</Filter>
    </ClInclude>
    <ClInclude Include="Include\Spatial\IResizeable.h">
      <Filter>Spatial</Filter>
    </ClInclude>
    <ClInclude Include="Include\Graphics\Renderer\IRenderer.h">
      <Filter>Graphics\Renderer</Filter>
    </ClInclude>
    <ClInclude Include="Include\Graphics\Renderer\IRendererImpl.h">
      <Filter>Graphics\Renderer</Filter>
    </ClInclude>
    <ClInclude Include="Include\Graphics\Renderer\Renderer.h">
      <Filter>Graphics\Renderer</Filter>
    </ClInclude>
    <ClInclude Include="Include\Graphics\Core\Color.h">
      <Filter>Graphics\Core</Filter>
    </ClInclude>
    <ClInclude Include="Include\Graphics\Renderable\IRenderable.h">
      <Filter>Graphics\Renderable</Filter>
    </ClInclude>
    <ClInclude Include="Include\Graphics\Renderable\IFontAtlas.h">
      <Filter>Graphics\Renderable</Filter>
    </ClInclude>
    <ClInclude Include="Include\Graphics\Renderer\DX11RendererBase.h">
      <Filter>Graphics\Renderer</Filter>
    </ClInclude>
    <ClInclude Include="Include\Graphics\Renderer\DX11RendererBatchImpl.h">
      <Filter>Graphics\Renderer</Filter>
    </ClInclude>
    <ClInclude Include="Include\Graphics\Renderer\DX11RendererImmediateImpl.h">
      <Filter>Graphics\Renderer</Filter>
    </ClInclude>
    <ClInclude Include="Include\Utilities\Utilities.h">
      <Filter>Utilities</Filter>
    </ClInclude>
    <ClInclude Include="Include\Engine\Factory\RendererFactory.h">
      <Filter>Engine\Factory</Filter>
    </ClInclude>
    <ClInclude Include="Include\Graphics\Resource\DX11Texture.h">
      <Filter>Graphics\Resource</Filter>
    </ClInclude>
    <ClInclude Include="Include\Graphics\Resource\ITexture.h">
      <Filter>Graphics\Resource</Filter>
    </ClInclude>
    <ClInclude Include="Include\Graphics\IO\DX11ImageFileHelper.h">
      <Filter>Graphics\IO</Filter>
    </ClInclude>
    <ClInclude Include="Include\Graphics\Renderable\DrawableSurface.h">
      <Filter>Graphics\Renderable</Filter>
    </ClInclude>
    <ClInclude Include="Include\Graphics\Renderable\IDrawableSurface.h">
      <Filter>Graphics\Renderable</Filter>
    </ClInclude>
    <ClInclude Include="Include\Graphics\Resource\ITextureImpl.h">
      <Filter>Graphics\Resource</Filter>
    </ClInclude>
    <ClInclude Include="Include\Graphics\Resource\Texture.h">
      <Filter>Graphics\Resource</Filter>
    </ClInclude>
    <ClInclude Include="Include\Graphics\Resource\DX11TextureImpl.h">
      <Filter>Graphics\Resource</Filter>
    </ClInclude>
    <ClInclude Include="Include\Graphics\Renderable\FontAtlas.h">
      <Filter>Graphics\Renderable</Filter>
    </ClInclude>
    <ClInclude Include="Include\Engine\Factory\TextureFactory.h">
      <Filter>Engine\Factory</Filter>
    </ClInclude>
    <ClInclude Include="Include\Win32\GDIUtility.h">
      <Filter>Win32</Filter>
    </ClInclude>
    <ClInclude Include="Include\Graphics\Renderable\IImageSurface.h">
      <Filter>Graphics\Renderable</Filter>
    </ClInclude>
    <ClInclude Include="Include\Graphics\Renderable\ImageSurface.h">
      <Filter>Graphics\Renderable</Filter>
    </ClInclude>
    <ClInclude Include="Include\Components\Tile.h">
      <Filter>Components</Filter>
    </ClInclude>
    <ClInclude Include="Include\Graphics\Renderable\Sprite.h">
      <Filter>Graphics\Renderable</Filter>
    </ClInclude>
    <ClInclude Include="Include\Graphics\Renderable\ISpriteAtlas.h">
      <Filter>Graphics\Renderable</Filter>
    </ClInclude>
    <ClInclude Include="Include\Graphics\Renderable\SpriteAtlas.h">
      <Filter>Graphics\Renderable</Filter>
    </ClInclude>
    <ClInclude Include="Include\Engine\Factory\SpriteAtlasFactory.h">
      <Filter>Engine\Factory</Filter>
    </ClInclude>
    <ClInclude Include="Include\Utilities\CSVFile.h">
      <Filter>Utilities</Filter>
    </ClInclude>
    <ClInclude Include="Include\Engine\Loader\SpriteAtlasLoader.h">
      <Filter>Engine\Loader</Filter>
    </ClInclude>
    <ClInclude Include="Include\Core\Input.h">
      <Filter>Core</Filter>
    </ClInclude>
    <ClInclude Include="Include\Graphics\Animation\Animation.h">
      <Filter>Graphics\Animation</Filter>
    </ClInclude>
    <ClInclude Include="Include\State\State.h">
      <Filter>State</Filter>
    </ClInclude>
    <ClInclude Include="Include\State\StateMachine.h">
      <Filter>State</Filter>
    </ClInclude>
    <ClInclude Include="Include\Engine\Loader\___SpriteLoader.h">
      <Filter>Engine\Loader</Filter>
    </ClInclude>
  </ItemGroup>
  <ItemGroup>
    <ClCompile Include="Source\Win32\Window.cpp">
      <Filter>Win32</Filter>
    </ClCompile>
    <ClCompile Include="Source\Win32\WindowBase.cpp">
      <Filter>Win32</Filter>
    </ClCompile>
    <ClCompile Include="Source\Graphics\Core\DX11Core.cpp">
      <Filter>Graphics\Core</Filter>
    </ClCompile>
    <ClCompile Include="Source\Graphics\Core\Canvas.cpp">
      <Filter>Graphics\Core</Filter>
    </ClCompile>
    <ClCompile Include="Source\Graphics\Core\DX11CanvasImpl.cpp">
      <Filter>Graphics\Core</Filter>
    </ClCompile>
    <ClCompile Include="Source\Engine\Factory\CanvasFactory.cpp">
      <Filter>Engine\Factory</Filter>
    </ClCompile>
    <ClCompile Include="Source\Timer\Pulse.cpp">
      <Filter>Timer</Filter>
    </ClCompile>
    <ClCompile Include="Source\Timer\StopWatch.cpp">
      <Filter>Timer</Filter>
    </ClCompile>
    <ClCompile Include="Source\Engine\Engine.cpp">
      <Filter>Engine</Filter>
    </ClCompile>
    <ClCompile Include="Source\Graphics\Renderer\Renderer.cpp">
      <Filter>Graphics\Renderer</Filter>
    </ClCompile>
    <ClCompile Include="Source\Graphics\Renderer\DX11RendererBase.cpp">
      <Filter>Graphics\Renderer</Filter>
    </ClCompile>
    <ClCompile Include="Source\Graphics\Renderer\DX11RendererBatchImpl.cpp">
      <Filter>Graphics\Renderer</Filter>
    </ClCompile>
    <ClCompile Include="Source\Graphics\Renderer\DX11RendererImmediateImpl.cpp">
      <Filter>Graphics\Renderer</Filter>
    </ClCompile>
    <ClCompile Include="Source\Graphics\Resource\DX11Texture.cpp">
      <Filter>Graphics\Resource</Filter>
    </ClCompile>
    <ClCompile Include="Source\Graphics\IO\DX11ImageFileHelper.cpp">
      <Filter>Graphics\IO</Filter>
    </ClCompile>
    <ClCompile Include="Source\Graphics\Renderable\DrawableSurface.cpp">
      <Filter>Graphics\Renderable</Filter>
    </ClCompile>
    <ClCompile Include="Source\Graphics\Resource\Texture.cpp">
      <Filter>Graphics\Resource</Filter>
    </ClCompile>
    <ClCompile Include="Source\Graphics\Resource\DX11TextureImpl.cpp">
      <Filter>Graphics\Resource</Filter>
    </ClCompile>
    <ClCompile Include="Source\Graphics\Renderable\FontAtlas.cpp">
      <Filter>Graphics\Renderable</Filter>
    </ClCompile>
    <ClCompile Include="Source\Win32\GDIUtility.cpp">
      <Filter>Win32</Filter>
    </ClCompile>
    <ClCompile Include="Source\Graphics\Renderable\ImageSurface.cpp">
      <Filter>Graphics\Renderable</Filter>
    </ClCompile>
    <ClCompile Include="Source\Components\Tile.cpp">
      <Filter>Components</Filter>
    </ClCompile>
    <ClCompile Include="Source\Graphics\Renderable\Sprite.cpp">
      <Filter>Graphics\Renderable</Filter>
    </ClCompile>
    <ClCompile Include="Source\Graphics\Renderable\SpriteAtlas.cpp">
      <Filter>Graphics\Renderable</Filter>
    </ClCompile>
    <ClCompile Include="Source\Engine\Factory\SpriteAtlasFactory.cpp">
      <Filter>Engine\Factory</Filter>
    </ClCompile>
  </ItemGroup>
  <ItemGroup>
    <Text Include="DependencySketch.txt" />
  </ItemGroup>
</Project>